# THIS IS AN AUTOGENERATED FILE. DO NOT EDIT THIS FILE DIRECTLY.
# yarn lockfile v1


fp-ts@^2.6.7:
  version "2.6.7"
  resolved "https://registry.yarnpkg.com/fp-ts/-/fp-ts-2.6.7.tgz#a86f904b86c93cd63300e6d40005e4caa57ccb6b"
  integrity sha512-Uklx0kKrjwbYb142tbQZqWVHhvNzxZwJhr+gkIbwPt/exV0n8/dHDkAmB05vNKNnJMwoJr7i6pM3XW0bicrE7Q==

io-ts@^2.2.7:
  version "2.2.7"
  resolved "https://registry.yarnpkg.com/io-ts/-/io-ts-2.2.7.tgz#5c05477580bff4c0154b474316c8916253e87c44"
  integrity sha512-kCusyu/Fa0oax5ue2Id/ZqVLEk5JOWyrXHcLbD4kHoVM50MhDEWUtcHlN7RrD94I8OrWILcVltM6OllnZiHJmg==
